
Microsoft Visual Studio Solution File, Format Version 12.00
# Visual Studio Version 17
VisualStudioVersion = 17.0.32112.339
MinimumVisualStudioVersion = 10.0.40219.1
Project("{FAE04EC0-301F-11D3-BF4B-00C04F79EFBC}") = "Papoušek", "Papoušek.csproj", "{C108C4D2-8975-4DA0-9526-3693DA35D1F9}"
EndProject
Global
	GlobalSection(SolutionConfigurationPlatforms) = preSolution
		Debug|Any CPU = Debug|Any CPU
		Release|Any CPU = Release|Any CPU
	EndGlobalSection
	GlobalSection(ProjectConfigurationPlatforms) = postSolution
		{C108C4D2-8975-4DA0-9526-3693DA35D1F9}.Debug|Any CPU.ActiveCfg = Debug|Any CPU
		{C108C4D2-8975-4DA0-9526-3693DA35D1F9}.Debug|Any CPU.Build.0 = Debug|Any CPU
		{C108C4D2-8975-4DA0-9526-3693DA35D1F9}.Release|Any CPU.ActiveCfg = Release|Any CPU
		{C108C4D2-8975-4DA0-9526-3693DA35D1F9}.Release|Any CPU.Build.0 = Release|Any CPU
	EndGlobalSection
	GlobalSection(SolutionProperties) = preSolution
		HideSolutionNode = FALSE
	EndGlobalSection
	GlobalSection(ExtensibilityGlobals) = postSolution
		SolutionGuid = {197C9E77-2625-49CF-93EF-EFCB255E10F0}
	EndGlobalSection
EndGlobal
